
Microsoft Visual Studio Solution File, Format Version 11.00
# Visual Studio 2010
Project("{FAE04EC0-301F-11D3-BF4B-00C04F79EFBC}") = "BomberPunk", "BomberPunk\BomberPunk\BomberPunk.csproj", "{FBD9B56B-4B5A-4558-89AF-AA549081E349}"
EndProject
Project("{FAE04EC0-301F-11D3-BF4B-00C04F79EFBC}") = "BomberPunkContent", "BomberPunk\BomberPunkContent\BomberPunkContent.contentproj", "{B62B631D-3849-44BE-9F3F-D82FCB3BF971}"
EndProject
Project("{FAE04EC0-301F-11D3-BF4B-00C04F79EFBC}") = "PhantomEngine", "PhantomEngine\PhantomEngine.csproj", "{3F5F6223-FB64-4B65-B760-7F569F67BB4A}"
EndProject
Project("{FAE04EC0-301F-11D3-BF4B-00C04F79EFBC}") = "XMLContent", "XMLContent\XMLContent.csproj", "{E2FFADAD-2230-40BB-AE05-04064E303FA0}"
EndProject
Project("{FAE04EC0-301F-11D3-BF4B-00C04F79EFBC}") = "SpriteSheetPipeline", "SpriteSheetPipeline\SpriteSheetPipeline.csproj", "{25146084-89AA-4A55-8D32-E237CBA223C0}"
EndProject
Project("{FAE04EC0-301F-11D3-BF4B-00C04F79EFBC}") = "SpriteSheetRuntime (Phone)", "SpriteSheetRuntime\SpriteSheetRuntime (Phone).csproj", "{6D76C269-1388-421C-9057-71A1EC1D1E7A}"
EndProject
Project("{2150E333-8FDC-42A3-9474-1A3956D46DE8}") = "PhantomEngine", "PhantomEngine", "{21A60842-9860-40C4-885B-77C9A2F9D0F6}"
EndProject
Project("{FAE04EC0-301F-11D3-BF4B-00C04F79EFBC}") = "Core", "Core\Core.csproj", "{9662AD4D-F203-4F88-951F-3F15544EBFF0}"
EndProject
Project("{FAE04EC0-301F-11D3-BF4B-00C04F79EFBC}") = "Input", "Input\Input.csproj", "{ED612D7D-1653-4552-9E19-FF0F43DAB8BA}"
EndProject
Project("{FAE04EC0-301F-11D3-BF4B-00C04F79EFBC}") = "Sound", "Sound\Sound.csproj", "{EDBE9182-03A5-4F01-8DA2-F9E34FE116C4}"
EndProject
Project("{FAE04EC0-301F-11D3-BF4B-00C04F79EFBC}") = "Renderer", "Renderer\Renderer.csproj", "{7A8C6AB7-7ABF-4D41-9F42-6AB1814719D2}"
EndProject
Project("{FAE04EC0-301F-11D3-BF4B-00C04F79EFBC}") = "GameEntities", "GameEntities\GameEntities.csproj", "{11F06A7A-F7ED-465E-9B4C-1046BC4BDEA5}"
EndProject
Project("{FAE04EC0-301F-11D3-BF4B-00C04F79EFBC}") = "UserInterface", "UserInterface\UserInterface.csproj", "{15339542-6EE4-436B-8B0F-8CC9C73C7B07}"
EndProject
Project("{FAE04EC0-301F-11D3-BF4B-00C04F79EFBC}") = "GameObjects", "GameObjects\GameObjects.csproj", "{5042F635-B83A-4AB7-BA79-8C98FBB9879D}"
EndProject
Project("{FAE04EC0-301F-11D3-BF4B-00C04F79EFBC}") = "Settings", "Settings\Settings.csproj", "{365B97DC-52FA-4353-B398-6B84D30EA2B4}"
EndProject
Project("{FAE04EC0-301F-11D3-BF4B-00C04F79EFBC}") = "HeavyBomber", "HeavyBomber\HeavyBomber\HeavyBomber.csproj", "{AB845701-0AB2-44EF-A2A2-05A60156980D}"
EndProject
Project("{FAE04EC0-301F-11D3-BF4B-00C04F79EFBC}") = "HeavyBomberContent", "HeavyBomber\HeavyBomberContent\HeavyBomberContent.contentproj", "{4D43D131-4539-4107-8DC7-3B0D973CD543}"
EndProject
Project("{FAE04EC0-301F-11D3-BF4B-00C04F79EFBC}") = "StateManagement", "StateManagement\StateManagement.csproj", "{13E2E6F9-3973-46B7-9B6F-A3B77D9D1C88}"
EndProject
Project("{FAE04EC0-301F-11D3-BF4B-00C04F79EFBC}") = "MathFunctions", "MathFunctions\MathFunctions.csproj", "{8F4F4499-6C9E-4F7F-AE99-6833AC6A4EC6}"
EndProject
Project("{FAE04EC0-301F-11D3-BF4B-00C04F79EFBC}") = "PublicIterfaces", "PublicIterfaces\PublicIterfaces.csproj", "{07D7106A-09BC-4CA2-ACC4-EDF5A510E8A5}"
EndProject
Project("{FAE04EC0-301F-11D3-BF4B-00C04F79EFBC}") = "Graphics2d", "Graphics2d\Graphics2d.csproj", "{0D6D5BB7-D20D-4C5E-A2E1-888B887867D6}"
EndProject
Project("{FAE04EC0-301F-11D3-BF4B-00C04F79EFBC}") = "HeavyBomberPrefabricates", "HeavyBomberPrefabricates\HeavyBomberPrefabricates.csproj", "{C370B560-9260-4EFF-9669-824426FAE9FD}"
EndProject
Project("{FAE04EC0-301F-11D3-BF4B-00C04F79EFBC}") = "NinjectModules", "NinjectModules\NinjectModules.csproj", "{B2586BC7-C62C-472E-BC07-E8BBB4B504C2}"
EndProject
Project("{FAE04EC0-301F-11D3-BF4B-00C04F79EFBC}") = "Windows Copy of PublicIterfaces", "PublicIterfaces\Windows Copy of PublicIterfaces.csproj", "{0A940C77-0537-4F2D-9BB0-4407BA1BCFF8}"
EndProject
Project("{FAE04EC0-301F-11D3-BF4B-00C04F79EFBC}") = "Windows Copy of GameObjects", "GameObjects\Windows Copy of GameObjects.csproj", "{D09B0DA5-C8CD-4C92-A1DF-79FAA10AAC46}"
EndProject
Project("{FAE04EC0-301F-11D3-BF4B-00C04F79EFBC}") = "Windows Copy of Graphics2d", "Graphics2d\Windows Copy of Graphics2d.csproj", "{312C41B9-0222-41DA-83C9-BC8ABC772F74}"
EndProject
Project("{FAE04EC0-301F-11D3-BF4B-00C04F79EFBC}") = "Windows Copy of Input", "Input\Windows Copy of Input.csproj", "{3C588BAA-374F-4758-9EA5-14E505DDAE5A}"
EndProject
Project("{FAE04EC0-301F-11D3-BF4B-00C04F79EFBC}") = "Windows Copy of StateManagement", "StateManagement\Windows Copy of StateManagement.csproj", "{4DB67B13-905D-43C8-A514-C23AD47FFA9E}"
EndProject
Project("{FAE04EC0-301F-11D3-BF4B-00C04F79EFBC}") = "Windows Copy of Settings", "Settings\Windows Copy of Settings.csproj", "{2589A56E-AE2E-4217-B2F8-E9FCC1081942}"
EndProject
Project("{FAE04EC0-301F-11D3-BF4B-00C04F79EFBC}") = "Windows Copy of Sound", "Sound\Windows Copy of Sound.csproj", "{E585EC3D-E797-42FA-BAB7-87CD521698CA}"
EndProject
Project("{FAE04EC0-301F-11D3-BF4B-00C04F79EFBC}") = "Windows Copy of XMLContent", "XMLContent\Windows Copy of XMLContent.csproj", "{A87EB51E-F7E1-493D-82DA-A9B08AD43633}"
EndProject
Project("{FAE04EC0-301F-11D3-BF4B-00C04F79EFBC}") = "Windows Copy of UserInterface", "UserInterface\Windows Copy of UserInterface.csproj", "{AEAA1D42-CED1-47F1-BF0E-F7D6C9107E44}"
EndProject
Project("{FAE04EC0-301F-11D3-BF4B-00C04F79EFBC}") = "Windows Copy of NinjectModules", "NinjectModules\Windows Copy of NinjectModules.csproj", "{3D4C22BD-6D47-4508-882B-EB09D03E9697}"
EndProject
Project("{FAE04EC0-301F-11D3-BF4B-00C04F79EFBC}") = "Windows Copy of Core", "Core\Windows Copy of Core.csproj", "{ED142C42-4582-468B-BA59-7EB788B4C394}"
EndProject
Project("{2150E333-8FDC-42A3-9474-1A3956D46DE8}") = "PhantomEngineWindows", "PhantomEngineWindows", "{662CA385-FE9B-481B-B7A2-635B9B176415}"
EndProject
Project("{FAE04EC0-301F-11D3-BF4B-00C04F79EFBC}") = "Windows Copy of MathFunctions", "MathFunctions\Windows Copy of MathFunctions.csproj", "{AA5F036C-064D-40B0-9040-855D0743C1FF}"
EndProject
Project("{FAE04EC0-301F-11D3-BF4B-00C04F79EFBC}") = "PhantomDevelopmentKit", "PhantomDevelopmentKit\PhantomDevelopmentKit\PhantomDevelopmentKit.csproj", "{D07E1BD3-FB2C-4C80-818C-234E1BA57151}"
EndProject
Project("{FAE04EC0-301F-11D3-BF4B-00C04F79EFBC}") = "PhantomDevelopmentKitContent", "PhantomDevelopmentKit\PhantomDevelopmentKitContent\PhantomDevelopmentKitContent.contentproj", "{5C025766-16FB-4BC3-8A91-911B00733127}"
EndProject
Project("{FAE04EC0-301F-11D3-BF4B-00C04F79EFBC}") = "Prefabricates", "Prefabricates\Prefabricates.csproj", "{767B961D-2371-4469-9D73-CB149E3F7167}"
EndProject
Global
	GlobalSection(SolutionConfigurationPlatforms) = preSolution
		Debug|Any CPU = Debug|Any CPU
		Debug|Mixed Platforms = Debug|Mixed Platforms
		Debug|Windows Phone = Debug|Windows Phone
		Debug|x86 = Debug|x86
		Release|Any CPU = Release|Any CPU
		Release|Mixed Platforms = Release|Mixed Platforms
		Release|Windows Phone = Release|Windows Phone
		Release|x86 = Release|x86
	EndGlobalSection
	GlobalSection(ProjectConfigurationPlatforms) = postSolution
		{FBD9B56B-4B5A-4558-89AF-AA549081E349}.Debug|Any CPU.ActiveCfg = Debug|Windows Phone
		{FBD9B56B-4B5A-4558-89AF-AA549081E349}.Debug|Mixed Platforms.ActiveCfg = Debug|Windows Phone
		{FBD9B56B-4B5A-4558-89AF-AA549081E349}.Debug|Mixed Platforms.Build.0 = Debug|Windows Phone
		{FBD9B56B-4B5A-4558-89AF-AA549081E349}.Debug|Mixed Platforms.Deploy.0 = Debug|Windows Phone
		{FBD9B56B-4B5A-4558-89AF-AA549081E349}.Debug|Windows Phone.ActiveCfg = Debug|Windows Phone
		{FBD9B56B-4B5A-4558-89AF-AA549081E349}.Debug|Windows Phone.Build.0 = Debug|Windows Phone
		{FBD9B56B-4B5A-4558-89AF-AA549081E349}.Debug|Windows Phone.Deploy.0 = Debug|Windows Phone
		{FBD9B56B-4B5A-4558-89AF-AA549081E349}.Debug|x86.ActiveCfg = Debug|Windows Phone
		{FBD9B56B-4B5A-4558-89AF-AA549081E349}.Debug|x86.Build.0 = Debug|Windows Phone
		{FBD9B56B-4B5A-4558-89AF-AA549081E349}.Release|Any CPU.ActiveCfg = Release|Windows Phone
		{FBD9B56B-4B5A-4558-89AF-AA549081E349}.Release|Mixed Platforms.ActiveCfg = Release|Windows Phone
		{FBD9B56B-4B5A-4558-89AF-AA549081E349}.Release|Mixed Platforms.Build.0 = Release|Windows Phone
		{FBD9B56B-4B5A-4558-89AF-AA549081E349}.Release|Mixed Platforms.Deploy.0 = Release|Windows Phone
		{FBD9B56B-4B5A-4558-89AF-AA549081E349}.Release|Windows Phone.ActiveCfg = Release|Windows Phone
		{FBD9B56B-4B5A-4558-89AF-AA549081E349}.Release|Windows Phone.Build.0 = Release|Windows Phone
		{FBD9B56B-4B5A-4558-89AF-AA549081E349}.Release|Windows Phone.Deploy.0 = Release|Windows Phone
		{FBD9B56B-4B5A-4558-89AF-AA549081E349}.Release|x86.ActiveCfg = Release|Windows Phone
		{FBD9B56B-4B5A-4558-89AF-AA549081E349}.Release|x86.Build.0 = Release|Windows Phone
		{B62B631D-3849-44BE-9F3F-D82FCB3BF971}.Debug|Any CPU.ActiveCfg = Debug|Windows Phone
		{B62B631D-3849-44BE-9F3F-D82FCB3BF971}.Debug|Mixed Platforms.ActiveCfg = Debug|Windows Phone
		{B62B631D-3849-44BE-9F3F-D82FCB3BF971}.Debug|Windows Phone.ActiveCfg = Debug|Windows Phone
		{B62B631D-3849-44BE-9F3F-D82FCB3BF971}.Debug|x86.ActiveCfg = Debug|Windows Phone
		{B62B631D-3849-44BE-9F3F-D82FCB3BF971}.Release|Any CPU.ActiveCfg = Release|Windows Phone
		{B62B631D-3849-44BE-9F3F-D82FCB3BF971}.Release|Mixed Platforms.ActiveCfg = Release|Windows Phone
		{B62B631D-3849-44BE-9F3F-D82FCB3BF971}.Release|Windows Phone.ActiveCfg = Release|Windows Phone
		{B62B631D-3849-44BE-9F3F-D82FCB3BF971}.Release|x86.ActiveCfg = Release|Windows Phone
		{3F5F6223-FB64-4B65-B760-7F569F67BB4A}.Debug|Any CPU.ActiveCfg = Debug|Windows Phone
		{3F5F6223-FB64-4B65-B760-7F569F67BB4A}.Debug|Mixed Platforms.ActiveCfg = Debug|Windows Phone
		{3F5F6223-FB64-4B65-B760-7F569F67BB4A}.Debug|Mixed Platforms.Build.0 = Debug|Windows Phone
		{3F5F6223-FB64-4B65-B760-7F569F67BB4A}.Debug|Windows Phone.ActiveCfg = Debug|Windows Phone
		{3F5F6223-FB64-4B65-B760-7F569F67BB4A}.Debug|Windows Phone.Build.0 = Debug|Windows Phone
		{3F5F6223-FB64-4B65-B760-7F569F67BB4A}.Debug|x86.ActiveCfg = Debug|Windows Phone
		{3F5F6223-FB64-4B65-B760-7F569F67BB4A}.Debug|x86.Build.0 = Debug|Windows Phone
		{3F5F6223-FB64-4B65-B760-7F569F67BB4A}.Release|Any CPU.ActiveCfg = Release|Windows Phone
		{3F5F6223-FB64-4B65-B760-7F569F67BB4A}.Release|Mixed Platforms.ActiveCfg = Release|Windows Phone
		{3F5F6223-FB64-4B65-B760-7F569F67BB4A}.Release|Mixed Platforms.Build.0 = Release|Windows Phone
		{3F5F6223-FB64-4B65-B760-7F569F67BB4A}.Release|Windows Phone.ActiveCfg = Release|Windows Phone
		{3F5F6223-FB64-4B65-B760-7F569F67BB4A}.Release|Windows Phone.Build.0 = Release|Windows Phone
		{3F5F6223-FB64-4B65-B760-7F569F67BB4A}.Release|x86.ActiveCfg = Release|Windows Phone
		{3F5F6223-FB64-4B65-B760-7F569F67BB4A}.Release|x86.Build.0 = Release|Windows Phone
		{E2FFADAD-2230-40BB-AE05-04064E303FA0}.Debug|Any CPU.ActiveCfg = Debug|Windows Phone
		{E2FFADAD-2230-40BB-AE05-04064E303FA0}.Debug|Mixed Platforms.ActiveCfg = Debug|Windows Phone
		{E2FFADAD-2230-40BB-AE05-04064E303FA0}.Debug|Mixed Platforms.Build.0 = Debug|Windows Phone
		{E2FFADAD-2230-40BB-AE05-04064E303FA0}.Debug|Windows Phone.ActiveCfg = Debug|Windows Phone
		{E2FFADAD-2230-40BB-AE05-04064E303FA0}.Debug|Windows Phone.Build.0 = Debug|Windows Phone
		{E2FFADAD-2230-40BB-AE05-04064E303FA0}.Debug|x86.ActiveCfg = Debug|Windows Phone
		{E2FFADAD-2230-40BB-AE05-04064E303FA0}.Debug|x86.Build.0 = Debug|Windows Phone
		{E2FFADAD-2230-40BB-AE05-04064E303FA0}.Release|Any CPU.ActiveCfg = Release|Windows Phone
		{E2FFADAD-2230-40BB-AE05-04064E303FA0}.Release|Mixed Platforms.ActiveCfg = Release|Windows Phone
		{E2FFADAD-2230-40BB-AE05-04064E303FA0}.Release|Mixed Platforms.Build.0 = Release|Windows Phone
		{E2FFADAD-2230-40BB-AE05-04064E303FA0}.Release|Windows Phone.ActiveCfg = Release|Windows Phone
		{E2FFADAD-2230-40BB-AE05-04064E303FA0}.Release|Windows Phone.Build.0 = Release|Windows Phone
		{E2FFADAD-2230-40BB-AE05-04064E303FA0}.Release|x86.ActiveCfg = Release|Windows Phone
		{E2FFADAD-2230-40BB-AE05-04064E303FA0}.Release|x86.Build.0 = Release|Windows Phone
		{25146084-89AA-4A55-8D32-E237CBA223C0}.Debug|Any CPU.ActiveCfg = Debug|x86
		{25146084-89AA-4A55-8D32-E237CBA223C0}.Debug|Mixed Platforms.ActiveCfg = Debug|x86
		{25146084-89AA-4A55-8D32-E237CBA223C0}.Debug|Mixed Platforms.Build.0 = Debug|x86
		{25146084-89AA-4A55-8D32-E237CBA223C0}.Debug|Windows Phone.ActiveCfg = Debug|x86
		{25146084-89AA-4A55-8D32-E237CBA223C0}.Debug|Windows Phone.Build.0 = Debug|x86
		{25146084-89AA-4A55-8D32-E237CBA223C0}.Debug|x86.ActiveCfg = Debug|x86
		{25146084-89AA-4A55-8D32-E237CBA223C0}.Debug|x86.Build.0 = Debug|x86
		{25146084-89AA-4A55-8D32-E237CBA223C0}.Release|Any CPU.ActiveCfg = Debug|x86
		{25146084-89AA-4A55-8D32-E237CBA223C0}.Release|Mixed Platforms.ActiveCfg = Debug|x86
		{25146084-89AA-4A55-8D32-E237CBA223C0}.Release|Mixed Platforms.Build.0 = Debug|x86
		{25146084-89AA-4A55-8D32-E237CBA223C0}.Release|Windows Phone.ActiveCfg = Debug|x86
		{25146084-89AA-4A55-8D32-E237CBA223C0}.Release|Windows Phone.Build.0 = Debug|x86
		{25146084-89AA-4A55-8D32-E237CBA223C0}.Release|x86.ActiveCfg = Debug|x86
		{25146084-89AA-4A55-8D32-E237CBA223C0}.Release|x86.Build.0 = Debug|x86
		{6D76C269-1388-421C-9057-71A1EC1D1E7A}.Debug|Any CPU.ActiveCfg = Debug|Windows Phone
		{6D76C269-1388-421C-9057-71A1EC1D1E7A}.Debug|Mixed Platforms.ActiveCfg = Debug|Windows Phone
		{6D76C269-1388-421C-9057-71A1EC1D1E7A}.Debug|Mixed Platforms.Build.0 = Debug|Windows Phone
		{6D76C269-1388-421C-9057-71A1EC1D1E7A}.Debug|Windows Phone.ActiveCfg = Debug|Windows Phone
		{6D76C269-1388-421C-9057-71A1EC1D1E7A}.Debug|Windows Phone.Build.0 = Debug|Windows Phone
		{6D76C269-1388-421C-9057-71A1EC1D1E7A}.Debug|x86.ActiveCfg = Debug|Windows Phone
		{6D76C269-1388-421C-9057-71A1EC1D1E7A}.Debug|x86.Build.0 = Debug|Windows Phone
		{6D76C269-1388-421C-9057-71A1EC1D1E7A}.Release|Any CPU.ActiveCfg = Release|Windows Phone
		{6D76C269-1388-421C-9057-71A1EC1D1E7A}.Release|Mixed Platforms.ActiveCfg = Release|Windows Phone
		{6D76C269-1388-421C-9057-71A1EC1D1E7A}.Release|Mixed Platforms.Build.0 = Release|Windows Phone
		{6D76C269-1388-421C-9057-71A1EC1D1E7A}.Release|Windows Phone.ActiveCfg = Release|Windows Phone
		{6D76C269-1388-421C-9057-71A1EC1D1E7A}.Release|Windows Phone.Build.0 = Release|Windows Phone
		{6D76C269-1388-421C-9057-71A1EC1D1E7A}.Release|x86.ActiveCfg = Release|Windows Phone
		{6D76C269-1388-421C-9057-71A1EC1D1E7A}.Release|x86.Build.0 = Release|Windows Phone
		{9662AD4D-F203-4F88-951F-3F15544EBFF0}.Debug|Any CPU.ActiveCfg = Debug|Windows Phone
		{9662AD4D-F203-4F88-951F-3F15544EBFF0}.Debug|Mixed Platforms.ActiveCfg = Debug|Windows Phone
		{9662AD4D-F203-4F88-951F-3F15544EBFF0}.Debug|Mixed Platforms.Build.0 = Debug|Windows Phone
		{9662AD4D-F203-4F88-951F-3F15544EBFF0}.Debug|Windows Phone.ActiveCfg = Debug|Windows Phone
		{9662AD4D-F203-4F88-951F-3F15544EBFF0}.Debug|Windows Phone.Build.0 = Debug|Windows Phone
		{9662AD4D-F203-4F88-951F-3F15544EBFF0}.Debug|x86.ActiveCfg = Debug|Windows Phone
		{9662AD4D-F203-4F88-951F-3F15544EBFF0}.Release|Any CPU.ActiveCfg = Release|Windows Phone
		{9662AD4D-F203-4F88-951F-3F15544EBFF0}.Release|Mixed Platforms.ActiveCfg = Release|Windows Phone
		{9662AD4D-F203-4F88-951F-3F15544EBFF0}.Release|Mixed Platforms.Build.0 = Release|Windows Phone
		{9662AD4D-F203-4F88-951F-3F15544EBFF0}.Release|Windows Phone.ActiveCfg = Release|Windows Phone
		{9662AD4D-F203-4F88-951F-3F15544EBFF0}.Release|Windows Phone.Build.0 = Release|Windows Phone
		{9662AD4D-F203-4F88-951F-3F15544EBFF0}.Release|x86.ActiveCfg = Release|Windows Phone
		{ED612D7D-1653-4552-9E19-FF0F43DAB8BA}.Debug|Any CPU.ActiveCfg = Debug|Windows Phone
		{ED612D7D-1653-4552-9E19-FF0F43DAB8BA}.Debug|Mixed Platforms.ActiveCfg = Debug|Windows Phone
		{ED612D7D-1653-4552-9E19-FF0F43DAB8BA}.Debug|Mixed Platforms.Build.0 = Debug|Windows Phone
		{ED612D7D-1653-4552-9E19-FF0F43DAB8BA}.Debug|Windows Phone.ActiveCfg = Debug|Windows Phone
		{ED612D7D-1653-4552-9E19-FF0F43DAB8BA}.Debug|Windows Phone.Build.0 = Debug|Windows Phone
		{ED612D7D-1653-4552-9E19-FF0F43DAB8BA}.Debug|x86.ActiveCfg = Debug|Windows Phone
		{ED612D7D-1653-4552-9E19-FF0F43DAB8BA}.Release|Any CPU.ActiveCfg = Release|Windows Phone
		{ED612D7D-1653-4552-9E19-FF0F43DAB8BA}.Release|Mixed Platforms.ActiveCfg = Release|Windows Phone
		{ED612D7D-1653-4552-9E19-FF0F43DAB8BA}.Release|Mixed Platforms.Build.0 = Release|Windows Phone
		{ED612D7D-1653-4552-9E19-FF0F43DAB8BA}.Release|Windows Phone.ActiveCfg = Release|Windows Phone
		{ED612D7D-1653-4552-9E19-FF0F43DAB8BA}.Release|Windows Phone.Build.0 = Release|Windows Phone
		{ED612D7D-1653-4552-9E19-FF0F43DAB8BA}.Release|x86.ActiveCfg = Release|Windows Phone
		{EDBE9182-03A5-4F01-8DA2-F9E34FE116C4}.Debug|Any CPU.ActiveCfg = Debug|Windows Phone
		{EDBE9182-03A5-4F01-8DA2-F9E34FE116C4}.Debug|Mixed Platforms.ActiveCfg = Debug|Windows Phone
		{EDBE9182-03A5-4F01-8DA2-F9E34FE116C4}.Debug|Mixed Platforms.Build.0 = Debug|Windows Phone
		{EDBE9182-03A5-4F01-8DA2-F9E34FE116C4}.Debug|Windows Phone.ActiveCfg = Debug|Windows Phone
		{EDBE9182-03A5-4F01-8DA2-F9E34FE116C4}.Debug|Windows Phone.Build.0 = Debug|Windows Phone
		{EDBE9182-03A5-4F01-8DA2-F9E34FE116C4}.Debug|x86.ActiveCfg = Debug|Windows Phone
		{EDBE9182-03A5-4F01-8DA2-F9E34FE116C4}.Release|Any CPU.ActiveCfg = Release|Windows Phone
		{EDBE9182-03A5-4F01-8DA2-F9E34FE116C4}.Release|Mixed Platforms.ActiveCfg = Release|Windows Phone
		{EDBE9182-03A5-4F01-8DA2-F9E34FE116C4}.Release|Mixed Platforms.Build.0 = Release|Windows Phone
		{EDBE9182-03A5-4F01-8DA2-F9E34FE116C4}.Release|Windows Phone.ActiveCfg = Release|Windows Phone
		{EDBE9182-03A5-4F01-8DA2-F9E34FE116C4}.Release|Windows Phone.Build.0 = Release|Windows Phone
		{EDBE9182-03A5-4F01-8DA2-F9E34FE116C4}.Release|x86.ActiveCfg = Release|Windows Phone
		{7A8C6AB7-7ABF-4D41-9F42-6AB1814719D2}.Debug|Any CPU.ActiveCfg = Debug|Windows Phone
		{7A8C6AB7-7ABF-4D41-9F42-6AB1814719D2}.Debug|Mixed Platforms.ActiveCfg = Debug|Windows Phone
		{7A8C6AB7-7ABF-4D41-9F42-6AB1814719D2}.Debug|Mixed Platforms.Build.0 = Debug|Windows Phone
		{7A8C6AB7-7ABF-4D41-9F42-6AB1814719D2}.Debug|Windows Phone.ActiveCfg = Debug|Windows Phone
		{7A8C6AB7-7ABF-4D41-9F42-6AB1814719D2}.Debug|Windows Phone.Build.0 = Debug|Windows Phone
		{7A8C6AB7-7ABF-4D41-9F42-6AB1814719D2}.Debug|x86.ActiveCfg = Debug|Windows Phone
		{7A8C6AB7-7ABF-4D41-9F42-6AB1814719D2}.Release|Any CPU.ActiveCfg = Release|Windows Phone
		{7A8C6AB7-7ABF-4D41-9F42-6AB1814719D2}.Release|Mixed Platforms.ActiveCfg = Release|Windows Phone
		{7A8C6AB7-7ABF-4D41-9F42-6AB1814719D2}.Release|Mixed Platforms.Build.0 = Release|Windows Phone
		{7A8C6AB7-7ABF-4D41-9F42-6AB1814719D2}.Release|Windows Phone.ActiveCfg = Release|Windows Phone
		{7A8C6AB7-7ABF-4D41-9F42-6AB1814719D2}.Release|Windows Phone.Build.0 = Release|Windows Phone
		{7A8C6AB7-7ABF-4D41-9F42-6AB1814719D2}.Release|x86.ActiveCfg = Release|Windows Phone
		{11F06A7A-F7ED-465E-9B4C-1046BC4BDEA5}.Debug|Any CPU.ActiveCfg = Debug|Windows Phone
		{11F06A7A-F7ED-465E-9B4C-1046BC4BDEA5}.Debug|Mixed Platforms.ActiveCfg = Debug|Windows Phone
		{11F06A7A-F7ED-465E-9B4C-1046BC4BDEA5}.Debug|Mixed Platforms.Build.0 = Debug|Windows Phone
		{11F06A7A-F7ED-465E-9B4C-1046BC4BDEA5}.Debug|Windows Phone.ActiveCfg = Debug|Windows Phone
		{11F06A7A-F7ED-465E-9B4C-1046BC4BDEA5}.Debug|Windows Phone.Build.0 = Debug|Windows Phone
		{11F06A7A-F7ED-465E-9B4C-1046BC4BDEA5}.Debug|x86.ActiveCfg = Debug|Windows Phone
		{11F06A7A-F7ED-465E-9B4C-1046BC4BDEA5}.Release|Any CPU.ActiveCfg = Release|Windows Phone
		{11F06A7A-F7ED-465E-9B4C-1046BC4BDEA5}.Release|Mixed Platforms.ActiveCfg = Release|Windows Phone
		{11F06A7A-F7ED-465E-9B4C-1046BC4BDEA5}.Release|Mixed Platforms.Build.0 = Release|Windows Phone
		{11F06A7A-F7ED-465E-9B4C-1046BC4BDEA5}.Release|Windows Phone.ActiveCfg = Release|Windows Phone
		{11F06A7A-F7ED-465E-9B4C-1046BC4BDEA5}.Release|Windows Phone.Build.0 = Release|Windows Phone
		{11F06A7A-F7ED-465E-9B4C-1046BC4BDEA5}.Release|x86.ActiveCfg = Release|Windows Phone
		{15339542-6EE4-436B-8B0F-8CC9C73C7B07}.Debug|Any CPU.ActiveCfg = Debug|Windows Phone
		{15339542-6EE4-436B-8B0F-8CC9C73C7B07}.Debug|Mixed Platforms.ActiveCfg = Debug|Windows Phone
		{15339542-6EE4-436B-8B0F-8CC9C73C7B07}.Debug|Mixed Platforms.Build.0 = Debug|Windows Phone
		{15339542-6EE4-436B-8B0F-8CC9C73C7B07}.Debug|Windows Phone.ActiveCfg = Debug|Windows Phone
		{15339542-6EE4-436B-8B0F-8CC9C73C7B07}.Debug|Windows Phone.Build.0 = Debug|Windows Phone
		{15339542-6EE4-436B-8B0F-8CC9C73C7B07}.Debug|x86.ActiveCfg = Debug|Windows Phone
		{15339542-6EE4-436B-8B0F-8CC9C73C7B07}.Release|Any CPU.ActiveCfg = Release|Windows Phone
		{15339542-6EE4-436B-8B0F-8CC9C73C7B07}.Release|Mixed Platforms.ActiveCfg = Release|Windows Phone
		{15339542-6EE4-436B-8B0F-8CC9C73C7B07}.Release|Mixed Platforms.Build.0 = Release|Windows Phone
		{15339542-6EE4-436B-8B0F-8CC9C73C7B07}.Release|Windows Phone.ActiveCfg = Release|Windows Phone
		{15339542-6EE4-436B-8B0F-8CC9C73C7B07}.Release|Windows Phone.Build.0 = Release|Windows Phone
		{15339542-6EE4-436B-8B0F-8CC9C73C7B07}.Release|x86.ActiveCfg = Release|Windows Phone
		{5042F635-B83A-4AB7-BA79-8C98FBB9879D}.Debug|Any CPU.ActiveCfg = Debug|Windows Phone
		{5042F635-B83A-4AB7-BA79-8C98FBB9879D}.Debug|Mixed Platforms.ActiveCfg = Debug|Windows Phone
		{5042F635-B83A-4AB7-BA79-8C98FBB9879D}.Debug|Mixed Platforms.Build.0 = Debug|Windows Phone
		{5042F635-B83A-4AB7-BA79-8C98FBB9879D}.Debug|Windows Phone.ActiveCfg = Debug|Windows Phone
		{5042F635-B83A-4AB7-BA79-8C98FBB9879D}.Debug|Windows Phone.Build.0 = Debug|Windows Phone
		{5042F635-B83A-4AB7-BA79-8C98FBB9879D}.Debug|x86.ActiveCfg = Debug|Windows Phone
		{5042F635-B83A-4AB7-BA79-8C98FBB9879D}.Release|Any CPU.ActiveCfg = Release|Windows Phone
		{5042F635-B83A-4AB7-BA79-8C98FBB9879D}.Release|Mixed Platforms.ActiveCfg = Release|Windows Phone
		{5042F635-B83A-4AB7-BA79-8C98FBB9879D}.Release|Mixed Platforms.Build.0 = Release|Windows Phone
		{5042F635-B83A-4AB7-BA79-8C98FBB9879D}.Release|Windows Phone.ActiveCfg = Release|Windows Phone
		{5042F635-B83A-4AB7-BA79-8C98FBB9879D}.Release|Windows Phone.Build.0 = Release|Windows Phone
		{5042F635-B83A-4AB7-BA79-8C98FBB9879D}.Release|x86.ActiveCfg = Release|Windows Phone
		{365B97DC-52FA-4353-B398-6B84D30EA2B4}.Debug|Any CPU.ActiveCfg = Debug|Windows Phone
		{365B97DC-52FA-4353-B398-6B84D30EA2B4}.Debug|Mixed Platforms.ActiveCfg = Debug|Windows Phone
		{365B97DC-52FA-4353-B398-6B84D30EA2B4}.Debug|Mixed Platforms.Build.0 = Debug|Windows Phone
		{365B97DC-52FA-4353-B398-6B84D30EA2B4}.Debug|Windows Phone.ActiveCfg = Debug|Windows Phone
		{365B97DC-52FA-4353-B398-6B84D30EA2B4}.Debug|Windows Phone.Build.0 = Debug|Windows Phone
		{365B97DC-52FA-4353-B398-6B84D30EA2B4}.Debug|x86.ActiveCfg = Debug|Windows Phone
		{365B97DC-52FA-4353-B398-6B84D30EA2B4}.Release|Any CPU.ActiveCfg = Release|Windows Phone
		{365B97DC-52FA-4353-B398-6B84D30EA2B4}.Release|Mixed Platforms.ActiveCfg = Release|Windows Phone
		{365B97DC-52FA-4353-B398-6B84D30EA2B4}.Release|Mixed Platforms.Build.0 = Release|Windows Phone
		{365B97DC-52FA-4353-B398-6B84D30EA2B4}.Release|Windows Phone.ActiveCfg = Release|Windows Phone
		{365B97DC-52FA-4353-B398-6B84D30EA2B4}.Release|Windows Phone.Build.0 = Release|Windows Phone
		{365B97DC-52FA-4353-B398-6B84D30EA2B4}.Release|x86.ActiveCfg = Release|Windows Phone
		{AB845701-0AB2-44EF-A2A2-05A60156980D}.Debug|Any CPU.ActiveCfg = Debug|Windows Phone
		{AB845701-0AB2-44EF-A2A2-05A60156980D}.Debug|Mixed Platforms.ActiveCfg = Debug|Windows Phone
		{AB845701-0AB2-44EF-A2A2-05A60156980D}.Debug|Mixed Platforms.Build.0 = Debug|Windows Phone
		{AB845701-0AB2-44EF-A2A2-05A60156980D}.Debug|Mixed Platforms.Deploy.0 = Debug|Windows Phone
		{AB845701-0AB2-44EF-A2A2-05A60156980D}.Debug|Windows Phone.ActiveCfg = Debug|Windows Phone
		{AB845701-0AB2-44EF-A2A2-05A60156980D}.Debug|Windows Phone.Build.0 = Debug|Windows Phone
		{AB845701-0AB2-44EF-A2A2-05A60156980D}.Debug|Windows Phone.Deploy.0 = Debug|Windows Phone
		{AB845701-0AB2-44EF-A2A2-05A60156980D}.Debug|x86.ActiveCfg = Debug|Windows Phone
		{AB845701-0AB2-44EF-A2A2-05A60156980D}.Release|Any CPU.ActiveCfg = Release|Windows Phone
		{AB845701-0AB2-44EF-A2A2-05A60156980D}.Release|Mixed Platforms.ActiveCfg = Release|Windows Phone
		{AB845701-0AB2-44EF-A2A2-05A60156980D}.Release|Mixed Platforms.Build.0 = Release|Windows Phone
		{AB845701-0AB2-44EF-A2A2-05A60156980D}.Release|Mixed Platforms.Deploy.0 = Release|Windows Phone
		{AB845701-0AB2-44EF-A2A2-05A60156980D}.Release|Windows Phone.ActiveCfg = Release|Windows Phone
		{AB845701-0AB2-44EF-A2A2-05A60156980D}.Release|Windows Phone.Build.0 = Release|Windows Phone
		{AB845701-0AB2-44EF-A2A2-05A60156980D}.Release|Windows Phone.Deploy.0 = Release|Windows Phone
		{AB845701-0AB2-44EF-A2A2-05A60156980D}.Release|x86.ActiveCfg = Release|Windows Phone
		{4D43D131-4539-4107-8DC7-3B0D973CD543}.Debug|Any CPU.ActiveCfg = Debug|Windows Phone
		{4D43D131-4539-4107-8DC7-3B0D973CD543}.Debug|Mixed Platforms.ActiveCfg = Debug|Windows Phone
		{4D43D131-4539-4107-8DC7-3B0D973CD543}.Debug|Windows Phone.ActiveCfg = Debug|Windows Phone
		{4D43D131-4539-4107-8DC7-3B0D973CD543}.Debug|x86.ActiveCfg = Debug|Windows Phone
		{4D43D131-4539-4107-8DC7-3B0D973CD543}.Release|Any CPU.ActiveCfg = Release|Windows Phone
		{4D43D131-4539-4107-8DC7-3B0D973CD543}.Release|Mixed Platforms.ActiveCfg = Release|Windows Phone
		{4D43D131-4539-4107-8DC7-3B0D973CD543}.Release|Windows Phone.ActiveCfg = Release|Windows Phone
		{4D43D131-4539-4107-8DC7-3B0D973CD543}.Release|x86.ActiveCfg = Release|Windows Phone
		{13E2E6F9-3973-46B7-9B6F-A3B77D9D1C88}.Debug|Any CPU.ActiveCfg = Debug|Windows Phone
		{13E2E6F9-3973-46B7-9B6F-A3B77D9D1C88}.Debug|Mixed Platforms.ActiveCfg = Debug|Windows Phone
		{13E2E6F9-3973-46B7-9B6F-A3B77D9D1C88}.Debug|Mixed Platforms.Build.0 = Debug|Windows Phone
		{13E2E6F9-3973-46B7-9B6F-A3B77D9D1C88}.Debug|Windows Phone.ActiveCfg = Debug|Windows Phone
		{13E2E6F9-3973-46B7-9B6F-A3B77D9D1C88}.Debug|Windows Phone.Build.0 = Debug|Windows Phone
		{13E2E6F9-3973-46B7-9B6F-A3B77D9D1C88}.Debug|x86.ActiveCfg = Debug|Windows Phone
		{13E2E6F9-3973-46B7-9B6F-A3B77D9D1C88}.Release|Any CPU.ActiveCfg = Release|Windows Phone
		{13E2E6F9-3973-46B7-9B6F-A3B77D9D1C88}.Release|Mixed Platforms.ActiveCfg = Release|Windows Phone
		{13E2E6F9-3973-46B7-9B6F-A3B77D9D1C88}.Release|Mixed Platforms.Build.0 = Release|Windows Phone
		{13E2E6F9-3973-46B7-9B6F-A3B77D9D1C88}.Release|Windows Phone.ActiveCfg = Release|Windows Phone
		{13E2E6F9-3973-46B7-9B6F-A3B77D9D1C88}.Release|Windows Phone.Build.0 = Release|Windows Phone
		{13E2E6F9-3973-46B7-9B6F-A3B77D9D1C88}.Release|x86.ActiveCfg = Release|Windows Phone
		{8F4F4499-6C9E-4F7F-AE99-6833AC6A4EC6}.Debug|Any CPU.ActiveCfg = Debug|Windows Phone
		{8F4F4499-6C9E-4F7F-AE99-6833AC6A4EC6}.Debug|Mixed Platforms.ActiveCfg = Debug|Windows Phone
		{8F4F4499-6C9E-4F7F-AE99-6833AC6A4EC6}.Debug|Mixed Platforms.Build.0 = Debug|Windows Phone
		{8F4F4499-6C9E-4F7F-AE99-6833AC6A4EC6}.Debug|Windows Phone.ActiveCfg = Debug|Windows Phone
		{8F4F4499-6C9E-4F7F-AE99-6833AC6A4EC6}.Debug|Windows Phone.Build.0 = Debug|Windows Phone
		{8F4F4499-6C9E-4F7F-AE99-6833AC6A4EC6}.Debug|x86.ActiveCfg = Debug|Windows Phone
		{8F4F4499-6C9E-4F7F-AE99-6833AC6A4EC6}.Release|Any CPU.ActiveCfg = Release|Windows Phone
		{8F4F4499-6C9E-4F7F-AE99-6833AC6A4EC6}.Release|Mixed Platforms.ActiveCfg = Release|Windows Phone
		{8F4F4499-6C9E-4F7F-AE99-6833AC6A4EC6}.Release|Mixed Platforms.Build.0 = Release|Windows Phone
		{8F4F4499-6C9E-4F7F-AE99-6833AC6A4EC6}.Release|Windows Phone.ActiveCfg = Release|Windows Phone
		{8F4F4499-6C9E-4F7F-AE99-6833AC6A4EC6}.Release|Windows Phone.Build.0 = Release|Windows Phone
		{8F4F4499-6C9E-4F7F-AE99-6833AC6A4EC6}.Release|x86.ActiveCfg = Release|Windows Phone
		{07D7106A-09BC-4CA2-ACC4-EDF5A510E8A5}.Debug|Any CPU.ActiveCfg = Debug|Windows Phone
		{07D7106A-09BC-4CA2-ACC4-EDF5A510E8A5}.Debug|Mixed Platforms.ActiveCfg = Debug|Windows Phone
		{07D7106A-09BC-4CA2-ACC4-EDF5A510E8A5}.Debug|Mixed Platforms.Build.0 = Debug|Windows Phone
		{07D7106A-09BC-4CA2-ACC4-EDF5A510E8A5}.Debug|Windows Phone.ActiveCfg = Debug|Windows Phone
		{07D7106A-09BC-4CA2-ACC4-EDF5A510E8A5}.Debug|Windows Phone.Build.0 = Debug|Windows Phone
		{07D7106A-09BC-4CA2-ACC4-EDF5A510E8A5}.Debug|x86.ActiveCfg = Debug|Windows Phone
		{07D7106A-09BC-4CA2-ACC4-EDF5A510E8A5}.Release|Any CPU.ActiveCfg = Release|Windows Phone
		{07D7106A-09BC-4CA2-ACC4-EDF5A510E8A5}.Release|Mixed Platforms.ActiveCfg = Release|Windows Phone
		{07D7106A-09BC-4CA2-ACC4-EDF5A510E8A5}.Release|Mixed Platforms.Build.0 = Release|Windows Phone
		{07D7106A-09BC-4CA2-ACC4-EDF5A510E8A5}.Release|Windows Phone.ActiveCfg = Release|Windows Phone
		{07D7106A-09BC-4CA2-ACC4-EDF5A510E8A5}.Release|Windows Phone.Build.0 = Release|Windows Phone
		{07D7106A-09BC-4CA2-ACC4-EDF5A510E8A5}.Release|x86.ActiveCfg = Release|Windows Phone
		{0D6D5BB7-D20D-4C5E-A2E1-888B887867D6}.Debug|Any CPU.ActiveCfg = Debug|Windows Phone
		{0D6D5BB7-D20D-4C5E-A2E1-888B887867D6}.Debug|Mixed Platforms.ActiveCfg = Debug|Windows Phone
		{0D6D5BB7-D20D-4C5E-A2E1-888B887867D6}.Debug|Mixed Platforms.Build.0 = Debug|Windows Phone
		{0D6D5BB7-D20D-4C5E-A2E1-888B887867D6}.Debug|Windows Phone.ActiveCfg = Debug|Windows Phone
		{0D6D5BB7-D20D-4C5E-A2E1-888B887867D6}.Debug|Windows Phone.Build.0 = Debug|Windows Phone
		{0D6D5BB7-D20D-4C5E-A2E1-888B887867D6}.Debug|x86.ActiveCfg = Debug|Windows Phone
		{0D6D5BB7-D20D-4C5E-A2E1-888B887867D6}.Release|Any CPU.ActiveCfg = Release|Windows Phone
		{0D6D5BB7-D20D-4C5E-A2E1-888B887867D6}.Release|Mixed Platforms.ActiveCfg = Release|Windows Phone
		{0D6D5BB7-D20D-4C5E-A2E1-888B887867D6}.Release|Mixed Platforms.Build.0 = Release|Windows Phone
		{0D6D5BB7-D20D-4C5E-A2E1-888B887867D6}.Release|Windows Phone.ActiveCfg = Release|Windows Phone
		{0D6D5BB7-D20D-4C5E-A2E1-888B887867D6}.Release|Windows Phone.Build.0 = Release|Windows Phone
		{0D6D5BB7-D20D-4C5E-A2E1-888B887867D6}.Release|x86.ActiveCfg = Release|Windows Phone
		{C370B560-9260-4EFF-9669-824426FAE9FD}.Debug|Any CPU.ActiveCfg = Debug|Windows Phone
		{C370B560-9260-4EFF-9669-824426FAE9FD}.Debug|Mixed Platforms.ActiveCfg = Debug|Windows Phone
		{C370B560-9260-4EFF-9669-824426FAE9FD}.Debug|Mixed Platforms.Build.0 = Debug|Windows Phone
		{C370B560-9260-4EFF-9669-824426FAE9FD}.Debug|Windows Phone.ActiveCfg = Debug|Windows Phone
		{C370B560-9260-4EFF-9669-824426FAE9FD}.Debug|Windows Phone.Build.0 = Debug|Windows Phone
		{C370B560-9260-4EFF-9669-824426FAE9FD}.Debug|x86.ActiveCfg = Debug|Windows Phone
		{C370B560-9260-4EFF-9669-824426FAE9FD}.Release|Any CPU.ActiveCfg = Release|Windows Phone
		{C370B560-9260-4EFF-9669-824426FAE9FD}.Release|Mixed Platforms.ActiveCfg = Release|Windows Phone
		{C370B560-9260-4EFF-9669-824426FAE9FD}.Release|Mixed Platforms.Build.0 = Release|Windows Phone
		{C370B560-9260-4EFF-9669-824426FAE9FD}.Release|Windows Phone.ActiveCfg = Release|Windows Phone
		{C370B560-9260-4EFF-9669-824426FAE9FD}.Release|Windows Phone.Build.0 = Release|Windows Phone
		{C370B560-9260-4EFF-9669-824426FAE9FD}.Release|x86.ActiveCfg = Release|Windows Phone
		{B2586BC7-C62C-472E-BC07-E8BBB4B504C2}.Debug|Any CPU.ActiveCfg = Debug|Any CPU
		{B2586BC7-C62C-472E-BC07-E8BBB4B504C2}.Debug|Any CPU.Build.0 = Debug|Any CPU
		{B2586BC7-C62C-472E-BC07-E8BBB4B504C2}.Debug|Mixed Platforms.ActiveCfg = Debug|Any CPU
		{B2586BC7-C62C-472E-BC07-E8BBB4B504C2}.Debug|Mixed Platforms.Build.0 = Debug|Any CPU
		{B2586BC7-C62C-472E-BC07-E8BBB4B504C2}.Debug|Windows Phone.ActiveCfg = Debug|Any CPU
		{B2586BC7-C62C-472E-BC07-E8BBB4B504C2}.Debug|Windows Phone.Build.0 = Debug|Any CPU
		{B2586BC7-C62C-472E-BC07-E8BBB4B504C2}.Debug|x86.ActiveCfg = Debug|Any CPU
		{B2586BC7-C62C-472E-BC07-E8BBB4B504C2}.Release|Any CPU.ActiveCfg = Release|Any CPU
		{B2586BC7-C62C-472E-BC07-E8BBB4B504C2}.Release|Any CPU.Build.0 = Release|Any CPU
		{B2586BC7-C62C-472E-BC07-E8BBB4B504C2}.Release|Mixed Platforms.ActiveCfg = Release|Any CPU
		{B2586BC7-C62C-472E-BC07-E8BBB4B504C2}.Release|Mixed Platforms.Build.0 = Release|Any CPU
		{B2586BC7-C62C-472E-BC07-E8BBB4B504C2}.Release|Windows Phone.ActiveCfg = Release|Any CPU
		{B2586BC7-C62C-472E-BC07-E8BBB4B504C2}.Release|x86.ActiveCfg = Release|Any CPU
		{0A940C77-0537-4F2D-9BB0-4407BA1BCFF8}.Debug|Any CPU.ActiveCfg = Debug|x86
		{0A940C77-0537-4F2D-9BB0-4407BA1BCFF8}.Debug|Mixed Platforms.ActiveCfg = Debug|x86
		{0A940C77-0537-4F2D-9BB0-4407BA1BCFF8}.Debug|Mixed Platforms.Build.0 = Debug|x86
		{0A940C77-0537-4F2D-9BB0-4407BA1BCFF8}.Debug|Windows Phone.ActiveCfg = Debug|x86
		{0A940C77-0537-4F2D-9BB0-4407BA1BCFF8}.Debug|x86.ActiveCfg = Debug|x86
		{0A940C77-0537-4F2D-9BB0-4407BA1BCFF8}.Debug|x86.Build.0 = Debug|x86
		{0A940C77-0537-4F2D-9BB0-4407BA1BCFF8}.Release|Any CPU.ActiveCfg = Release|x86
		{0A940C77-0537-4F2D-9BB0-4407BA1BCFF8}.Release|Mixed Platforms.ActiveCfg = Release|x86
		{0A940C77-0537-4F2D-9BB0-4407BA1BCFF8}.Release|Mixed Platforms.Build.0 = Release|x86
		{0A940C77-0537-4F2D-9BB0-4407BA1BCFF8}.Release|Windows Phone.ActiveCfg = Release|x86
		{0A940C77-0537-4F2D-9BB0-4407BA1BCFF8}.Release|x86.ActiveCfg = Release|x86
		{0A940C77-0537-4F2D-9BB0-4407BA1BCFF8}.Release|x86.Build.0 = Release|x86
		{D09B0DA5-C8CD-4C92-A1DF-79FAA10AAC46}.Debug|Any CPU.ActiveCfg = Debug|x86
		{D09B0DA5-C8CD-4C92-A1DF-79FAA10AAC46}.Debug|Mixed Platforms.ActiveCfg = Debug|x86
		{D09B0DA5-C8CD-4C92-A1DF-79FAA10AAC46}.Debug|Mixed Platforms.Build.0 = Debug|x86
		{D09B0DA5-C8CD-4C92-A1DF-79FAA10AAC46}.Debug|Windows Phone.ActiveCfg = Debug|x86
		{D09B0DA5-C8CD-4C92-A1DF-79FAA10AAC46}.Debug|x86.ActiveCfg = Debug|x86
		{D09B0DA5-C8CD-4C92-A1DF-79FAA10AAC46}.Debug|x86.Build.0 = Debug|x86
		{D09B0DA5-C8CD-4C92-A1DF-79FAA10AAC46}.Release|Any CPU.ActiveCfg = Release|x86
		{D09B0DA5-C8CD-4C92-A1DF-79FAA10AAC46}.Release|Mixed Platforms.ActiveCfg = Release|x86
		{D09B0DA5-C8CD-4C92-A1DF-79FAA10AAC46}.Release|Mixed Platforms.Build.0 = Release|x86
		{D09B0DA5-C8CD-4C92-A1DF-79FAA10AAC46}.Release|Windows Phone.ActiveCfg = Release|x86
		{D09B0DA5-C8CD-4C92-A1DF-79FAA10AAC46}.Release|x86.ActiveCfg = Release|x86
		{D09B0DA5-C8CD-4C92-A1DF-79FAA10AAC46}.Release|x86.Build.0 = Release|x86
		{312C41B9-0222-41DA-83C9-BC8ABC772F74}.Debug|Any CPU.ActiveCfg = Debug|x86
		{312C41B9-0222-41DA-83C9-BC8ABC772F74}.Debug|Mixed Platforms.ActiveCfg = Debug|x86
		{312C41B9-0222-41DA-83C9-BC8ABC772F74}.Debug|Mixed Platforms.Build.0 = Debug|x86
		{312C41B9-0222-41DA-83C9-BC8ABC772F74}.Debug|Windows Phone.ActiveCfg = Debug|x86
		{312C41B9-0222-41DA-83C9-BC8ABC772F74}.Debug|x86.ActiveCfg = Debug|x86
		{312C41B9-0222-41DA-83C9-BC8ABC772F74}.Debug|x86.Build.0 = Debug|x86
		{312C41B9-0222-41DA-83C9-BC8ABC772F74}.Release|Any CPU.ActiveCfg = Release|x86
		{312C41B9-0222-41DA-83C9-BC8ABC772F74}.Release|Mixed Platforms.ActiveCfg = Release|x86
		{312C41B9-0222-41DA-83C9-BC8ABC772F74}.Release|Mixed Platforms.Build.0 = Release|x86
		{312C41B9-0222-41DA-83C9-BC8ABC772F74}.Release|Windows Phone.ActiveCfg = Release|x86
		{312C41B9-0222-41DA-83C9-BC8ABC772F74}.Release|x86.ActiveCfg = Release|x86
		{312C41B9-0222-41DA-83C9-BC8ABC772F74}.Release|x86.Build.0 = Release|x86
		{3C588BAA-374F-4758-9EA5-14E505DDAE5A}.Debug|Any CPU.ActiveCfg = Debug|x86
		{3C588BAA-374F-4758-9EA5-14E505DDAE5A}.Debug|Mixed Platforms.ActiveCfg = Debug|x86
		{3C588BAA-374F-4758-9EA5-14E505DDAE5A}.Debug|Mixed Platforms.Build.0 = Debug|x86
		{3C588BAA-374F-4758-9EA5-14E505DDAE5A}.Debug|Windows Phone.ActiveCfg = Debug|x86
		{3C588BAA-374F-4758-9EA5-14E505DDAE5A}.Debug|x86.ActiveCfg = Debug|x86
		{3C588BAA-374F-4758-9EA5-14E505DDAE5A}.Debug|x86.Build.0 = Debug|x86
		{3C588BAA-374F-4758-9EA5-14E505DDAE5A}.Release|Any CPU.ActiveCfg = Release|x86
		{3C588BAA-374F-4758-9EA5-14E505DDAE5A}.Release|Mixed Platforms.ActiveCfg = Release|x86
		{3C588BAA-374F-4758-9EA5-14E505DDAE5A}.Release|Mixed Platforms.Build.0 = Release|x86
		{3C588BAA-374F-4758-9EA5-14E505DDAE5A}.Release|Windows Phone.ActiveCfg = Release|x86
		{3C588BAA-374F-4758-9EA5-14E505DDAE5A}.Release|x86.ActiveCfg = Release|x86
		{3C588BAA-374F-4758-9EA5-14E505DDAE5A}.Release|x86.Build.0 = Release|x86
		{4DB67B13-905D-43C8-A514-C23AD47FFA9E}.Debug|Any CPU.ActiveCfg = Debug|x86
		{4DB67B13-905D-43C8-A514-C23AD47FFA9E}.Debug|Mixed Platforms.ActiveCfg = Debug|x86
		{4DB67B13-905D-43C8-A514-C23AD47FFA9E}.Debug|Mixed Platforms.Build.0 = Debug|x86
		{4DB67B13-905D-43C8-A514-C23AD47FFA9E}.Debug|Windows Phone.ActiveCfg = Debug|x86
		{4DB67B13-905D-43C8-A514-C23AD47FFA9E}.Debug|x86.ActiveCfg = Debug|x86
		{4DB67B13-905D-43C8-A514-C23AD47FFA9E}.Debug|x86.Build.0 = Debug|x86
		{4DB67B13-905D-43C8-A514-C23AD47FFA9E}.Release|Any CPU.ActiveCfg = Release|x86
		{4DB67B13-905D-43C8-A514-C23AD47FFA9E}.Release|Mixed Platforms.ActiveCfg = Release|x86
		{4DB67B13-905D-43C8-A514-C23AD47FFA9E}.Release|Mixed Platforms.Build.0 = Release|x86
		{4DB67B13-905D-43C8-A514-C23AD47FFA9E}.Release|Windows Phone.ActiveCfg = Release|x86
		{4DB67B13-905D-43C8-A514-C23AD47FFA9E}.Release|x86.ActiveCfg = Release|x86
		{4DB67B13-905D-43C8-A514-C23AD47FFA9E}.Release|x86.Build.0 = Release|x86
		{2589A56E-AE2E-4217-B2F8-E9FCC1081942}.Debug|Any CPU.ActiveCfg = Debug|x86
		{2589A56E-AE2E-4217-B2F8-E9FCC1081942}.Debug|Mixed Platforms.ActiveCfg = Debug|x86
		{2589A56E-AE2E-4217-B2F8-E9FCC1081942}.Debug|Mixed Platforms.Build.0 = Debug|x86
		{2589A56E-AE2E-4217-B2F8-E9FCC1081942}.Debug|Windows Phone.ActiveCfg = Debug|x86
		{2589A56E-AE2E-4217-B2F8-E9FCC1081942}.Debug|x86.ActiveCfg = Debug|x86
		{2589A56E-AE2E-4217-B2F8-E9FCC1081942}.Debug|x86.Build.0 = Debug|x86
		{2589A56E-AE2E-4217-B2F8-E9FCC1081942}.Release|Any CPU.ActiveCfg = Release|x86
		{2589A56E-AE2E-4217-B2F8-E9FCC1081942}.Release|Mixed Platforms.ActiveCfg = Release|x86
		{2589A56E-AE2E-4217-B2F8-E9FCC1081942}.Release|Mixed Platforms.Build.0 = Release|x86
		{2589A56E-AE2E-4217-B2F8-E9FCC1081942}.Release|Windows Phone.ActiveCfg = Release|x86
		{2589A56E-AE2E-4217-B2F8-E9FCC1081942}.Release|x86.ActiveCfg = Release|x86
		{2589A56E-AE2E-4217-B2F8-E9FCC1081942}.Release|x86.Build.0 = Release|x86
		{E585EC3D-E797-42FA-BAB7-87CD521698CA}.Debug|Any CPU.ActiveCfg = Debug|x86
		{E585EC3D-E797-42FA-BAB7-87CD521698CA}.Debug|Mixed Platforms.ActiveCfg = Debug|x86
		{E585EC3D-E797-42FA-BAB7-87CD521698CA}.Debug|Mixed Platforms.Build.0 = Debug|x86
		{E585EC3D-E797-42FA-BAB7-87CD521698CA}.Debug|Windows Phone.ActiveCfg = Debug|x86
		{E585EC3D-E797-42FA-BAB7-87CD521698CA}.Debug|x86.ActiveCfg = Debug|x86
		{E585EC3D-E797-42FA-BAB7-87CD521698CA}.Debug|x86.Build.0 = Debug|x86
		{E585EC3D-E797-42FA-BAB7-87CD521698CA}.Release|Any CPU.ActiveCfg = Release|x86
		{E585EC3D-E797-42FA-BAB7-87CD521698CA}.Release|Mixed Platforms.ActiveCfg = Release|x86
		{E585EC3D-E797-42FA-BAB7-87CD521698CA}.Release|Mixed Platforms.Build.0 = Release|x86
		{E585EC3D-E797-42FA-BAB7-87CD521698CA}.Release|Windows Phone.ActiveCfg = Release|x86
		{E585EC3D-E797-42FA-BAB7-87CD521698CA}.Release|x86.ActiveCfg = Release|x86
		{E585EC3D-E797-42FA-BAB7-87CD521698CA}.Release|x86.Build.0 = Release|x86
		{A87EB51E-F7E1-493D-82DA-A9B08AD43633}.Debug|Any CPU.ActiveCfg = Debug|x86
		{A87EB51E-F7E1-493D-82DA-A9B08AD43633}.Debug|Mixed Platforms.ActiveCfg = Debug|x86
		{A87EB51E-F7E1-493D-82DA-A9B08AD43633}.Debug|Mixed Platforms.Build.0 = Debug|x86
		{A87EB51E-F7E1-493D-82DA-A9B08AD43633}.Debug|Windows Phone.ActiveCfg = Debug|x86
		{A87EB51E-F7E1-493D-82DA-A9B08AD43633}.Debug|x86.ActiveCfg = Debug|x86
		{A87EB51E-F7E1-493D-82DA-A9B08AD43633}.Debug|x86.Build.0 = Debug|x86
		{A87EB51E-F7E1-493D-82DA-A9B08AD43633}.Release|Any CPU.ActiveCfg = Release|x86
		{A87EB51E-F7E1-493D-82DA-A9B08AD43633}.Release|Mixed Platforms.ActiveCfg = Release|x86
		{A87EB51E-F7E1-493D-82DA-A9B08AD43633}.Release|Mixed Platforms.Build.0 = Release|x86
		{A87EB51E-F7E1-493D-82DA-A9B08AD43633}.Release|Windows Phone.ActiveCfg = Release|x86
		{A87EB51E-F7E1-493D-82DA-A9B08AD43633}.Release|x86.ActiveCfg = Release|x86
		{A87EB51E-F7E1-493D-82DA-A9B08AD43633}.Release|x86.Build.0 = Release|x86
		{AEAA1D42-CED1-47F1-BF0E-F7D6C9107E44}.Debug|Any CPU.ActiveCfg = Debug|x86
		{AEAA1D42-CED1-47F1-BF0E-F7D6C9107E44}.Debug|Mixed Platforms.ActiveCfg = Debug|x86
		{AEAA1D42-CED1-47F1-BF0E-F7D6C9107E44}.Debug|Mixed Platforms.Build.0 = Debug|x86
		{AEAA1D42-CED1-47F1-BF0E-F7D6C9107E44}.Debug|Windows Phone.ActiveCfg = Debug|x86
		{AEAA1D42-CED1-47F1-BF0E-F7D6C9107E44}.Debug|x86.ActiveCfg = Debug|x86
		{AEAA1D42-CED1-47F1-BF0E-F7D6C9107E44}.Debug|x86.Build.0 = Debug|x86
		{AEAA1D42-CED1-47F1-BF0E-F7D6C9107E44}.Release|Any CPU.ActiveCfg = Release|x86
		{AEAA1D42-CED1-47F1-BF0E-F7D6C9107E44}.Release|Mixed Platforms.ActiveCfg = Release|x86
		{AEAA1D42-CED1-47F1-BF0E-F7D6C9107E44}.Release|Mixed Platforms.Build.0 = Release|x86
		{AEAA1D42-CED1-47F1-BF0E-F7D6C9107E44}.Release|Windows Phone.ActiveCfg = Release|x86
		{AEAA1D42-CED1-47F1-BF0E-F7D6C9107E44}.Release|x86.ActiveCfg = Release|x86
		{AEAA1D42-CED1-47F1-BF0E-F7D6C9107E44}.Release|x86.Build.0 = Release|x86
		{3D4C22BD-6D47-4508-882B-EB09D03E9697}.Debug|Any CPU.ActiveCfg = Debug|x86
		{3D4C22BD-6D47-4508-882B-EB09D03E9697}.Debug|Mixed Platforms.ActiveCfg = Debug|x86
		{3D4C22BD-6D47-4508-882B-EB09D03E9697}.Debug|Mixed Platforms.Build.0 = Debug|x86
		{3D4C22BD-6D47-4508-882B-EB09D03E9697}.Debug|Windows Phone.ActiveCfg = Debug|x86
		{3D4C22BD-6D47-4508-882B-EB09D03E9697}.Debug|x86.ActiveCfg = Debug|x86
		{3D4C22BD-6D47-4508-882B-EB09D03E9697}.Debug|x86.Build.0 = Debug|x86
		{3D4C22BD-6D47-4508-882B-EB09D03E9697}.Release|Any CPU.ActiveCfg = Release|x86
		{3D4C22BD-6D47-4508-882B-EB09D03E9697}.Release|Mixed Platforms.ActiveCfg = Release|x86
		{3D4C22BD-6D47-4508-882B-EB09D03E9697}.Release|Mixed Platforms.Build.0 = Release|x86
		{3D4C22BD-6D47-4508-882B-EB09D03E9697}.Release|Windows Phone.ActiveCfg = Release|x86
		{3D4C22BD-6D47-4508-882B-EB09D03E9697}.Release|x86.ActiveCfg = Release|x86
		{3D4C22BD-6D47-4508-882B-EB09D03E9697}.Release|x86.Build.0 = Release|x86
		{ED142C42-4582-468B-BA59-7EB788B4C394}.Debug|Any CPU.ActiveCfg = Debug|x86
		{ED142C42-4582-468B-BA59-7EB788B4C394}.Debug|Mixed Platforms.ActiveCfg = Debug|x86
		{ED142C42-4582-468B-BA59-7EB788B4C394}.Debug|Mixed Platforms.Build.0 = Debug|x86
		{ED142C42-4582-468B-BA59-7EB788B4C394}.Debug|Windows Phone.ActiveCfg = Debug|x86
		{ED142C42-4582-468B-BA59-7EB788B4C394}.Debug|x86.ActiveCfg = Debug|x86
		{ED142C42-4582-468B-BA59-7EB788B4C394}.Debug|x86.Build.0 = Debug|x86
		{ED142C42-4582-468B-BA59-7EB788B4C394}.Release|Any CPU.ActiveCfg = Release|x86
		{ED142C42-4582-468B-BA59-7EB788B4C394}.Release|Mixed Platforms.ActiveCfg = Release|x86
		{ED142C42-4582-468B-BA59-7EB788B4C394}.Release|Mixed Platforms.Build.0 = Release|x86
		{ED142C42-4582-468B-BA59-7EB788B4C394}.Release|Windows Phone.ActiveCfg = Release|x86
		{ED142C42-4582-468B-BA59-7EB788B4C394}.Release|x86.ActiveCfg = Release|x86
		{ED142C42-4582-468B-BA59-7EB788B4C394}.Release|x86.Build.0 = Release|x86
		{AA5F036C-064D-40B0-9040-855D0743C1FF}.Debug|Any CPU.ActiveCfg = Debug|x86
		{AA5F036C-064D-40B0-9040-855D0743C1FF}.Debug|Mixed Platforms.ActiveCfg = Debug|x86
		{AA5F036C-064D-40B0-9040-855D0743C1FF}.Debug|Mixed Platforms.Build.0 = Debug|x86
		{AA5F036C-064D-40B0-9040-855D0743C1FF}.Debug|Windows Phone.ActiveCfg = Debug|x86
		{AA5F036C-064D-40B0-9040-855D0743C1FF}.Debug|x86.ActiveCfg = Debug|x86
		{AA5F036C-064D-40B0-9040-855D0743C1FF}.Debug|x86.Build.0 = Debug|x86
		{AA5F036C-064D-40B0-9040-855D0743C1FF}.Release|Any CPU.ActiveCfg = Release|x86
		{AA5F036C-064D-40B0-9040-855D0743C1FF}.Release|Mixed Platforms.ActiveCfg = Release|x86
		{AA5F036C-064D-40B0-9040-855D0743C1FF}.Release|Mixed Platforms.Build.0 = Release|x86
		{AA5F036C-064D-40B0-9040-855D0743C1FF}.Release|Windows Phone.ActiveCfg = Release|x86
		{AA5F036C-064D-40B0-9040-855D0743C1FF}.Release|x86.ActiveCfg = Release|x86
		{AA5F036C-064D-40B0-9040-855D0743C1FF}.Release|x86.Build.0 = Release|x86
		{D07E1BD3-FB2C-4C80-818C-234E1BA57151}.Debug|Any CPU.ActiveCfg = Debug|x86
		{D07E1BD3-FB2C-4C80-818C-234E1BA57151}.Debug|Mixed Platforms.ActiveCfg = Debug|x86
		{D07E1BD3-FB2C-4C80-818C-234E1BA57151}.Debug|Mixed Platforms.Build.0 = Debug|x86
		{D07E1BD3-FB2C-4C80-818C-234E1BA57151}.Debug|Windows Phone.ActiveCfg = Debug|x86
		{D07E1BD3-FB2C-4C80-818C-234E1BA57151}.Debug|x86.ActiveCfg = Debug|x86
		{D07E1BD3-FB2C-4C80-818C-234E1BA57151}.Debug|x86.Build.0 = Debug|x86
		{D07E1BD3-FB2C-4C80-818C-234E1BA57151}.Release|Any CPU.ActiveCfg = Release|x86
		{D07E1BD3-FB2C-4C80-818C-234E1BA57151}.Release|Mixed Platforms.ActiveCfg = Release|x86
		{D07E1BD3-FB2C-4C80-818C-234E1BA57151}.Release|Mixed Platforms.Build.0 = Release|x86
		{D07E1BD3-FB2C-4C80-818C-234E1BA57151}.Release|Windows Phone.ActiveCfg = Release|x86
		{D07E1BD3-FB2C-4C80-818C-234E1BA57151}.Release|x86.ActiveCfg = Release|x86
		{D07E1BD3-FB2C-4C80-818C-234E1BA57151}.Release|x86.Build.0 = Release|x86
		{5C025766-16FB-4BC3-8A91-911B00733127}.Debug|Any CPU.ActiveCfg = Debug|x86
		{5C025766-16FB-4BC3-8A91-911B00733127}.Debug|Mixed Platforms.ActiveCfg = Debug|x86
		{5C025766-16FB-4BC3-8A91-911B00733127}.Debug|Windows Phone.ActiveCfg = Debug|x86
		{5C025766-16FB-4BC3-8A91-911B00733127}.Debug|x86.ActiveCfg = Debug|x86
		{5C025766-16FB-4BC3-8A91-911B00733127}.Release|Any CPU.ActiveCfg = Release|x86
		{5C025766-16FB-4BC3-8A91-911B00733127}.Release|Mixed Platforms.ActiveCfg = Release|x86
		{5C025766-16FB-4BC3-8A91-911B00733127}.Release|Windows Phone.ActiveCfg = Release|x86
		{5C025766-16FB-4BC3-8A91-911B00733127}.Release|x86.ActiveCfg = Release|x86
		{767B961D-2371-4469-9D73-CB149E3F7167}.Debug|Any CPU.ActiveCfg = Debug|Windows Phone
		{767B961D-2371-4469-9D73-CB149E3F7167}.Debug|Mixed Platforms.ActiveCfg = Debug|Windows Phone
		{767B961D-2371-4469-9D73-CB149E3F7167}.Debug|Mixed Platforms.Build.0 = Debug|Windows Phone
		{767B961D-2371-4469-9D73-CB149E3F7167}.Debug|Windows Phone.ActiveCfg = Debug|Windows Phone
		{767B961D-2371-4469-9D73-CB149E3F7167}.Debug|Windows Phone.Build.0 = Debug|Windows Phone
		{767B961D-2371-4469-9D73-CB149E3F7167}.Debug|x86.ActiveCfg = Debug|Windows Phone
		{767B961D-2371-4469-9D73-CB149E3F7167}.Release|Any CPU.ActiveCfg = Release|Windows Phone
		{767B961D-2371-4469-9D73-CB149E3F7167}.Release|Mixed Platforms.ActiveCfg = Release|Windows Phone
		{767B961D-2371-4469-9D73-CB149E3F7167}.Release|Mixed Platforms.Build.0 = Release|Windows Phone
		{767B961D-2371-4469-9D73-CB149E3F7167}.Release|Windows Phone.ActiveCfg = Release|Windows Phone
		{767B961D-2371-4469-9D73-CB149E3F7167}.Release|Windows Phone.Build.0 = Release|Windows Phone
		{767B961D-2371-4469-9D73-CB149E3F7167}.Release|x86.ActiveCfg = Release|Windows Phone
	EndGlobalSection
	GlobalSection(SolutionProperties) = preSolution
		HideSolutionNode = FALSE
	EndGlobalSection
	GlobalSection(NestedProjects) = preSolution
		{25146084-89AA-4A55-8D32-E237CBA223C0} = {21A60842-9860-40C4-885B-77C9A2F9D0F6}
		{6D76C269-1388-421C-9057-71A1EC1D1E7A} = {21A60842-9860-40C4-885B-77C9A2F9D0F6}
		{3F5F6223-FB64-4B65-B760-7F569F67BB4A} = {21A60842-9860-40C4-885B-77C9A2F9D0F6}
		{9662AD4D-F203-4F88-951F-3F15544EBFF0} = {21A60842-9860-40C4-885B-77C9A2F9D0F6}
		{ED612D7D-1653-4552-9E19-FF0F43DAB8BA} = {21A60842-9860-40C4-885B-77C9A2F9D0F6}
		{EDBE9182-03A5-4F01-8DA2-F9E34FE116C4} = {21A60842-9860-40C4-885B-77C9A2F9D0F6}
		{7A8C6AB7-7ABF-4D41-9F42-6AB1814719D2} = {21A60842-9860-40C4-885B-77C9A2F9D0F6}
		{11F06A7A-F7ED-465E-9B4C-1046BC4BDEA5} = {21A60842-9860-40C4-885B-77C9A2F9D0F6}
		{15339542-6EE4-436B-8B0F-8CC9C73C7B07} = {21A60842-9860-40C4-885B-77C9A2F9D0F6}
		{5042F635-B83A-4AB7-BA79-8C98FBB9879D} = {21A60842-9860-40C4-885B-77C9A2F9D0F6}
		{365B97DC-52FA-4353-B398-6B84D30EA2B4} = {21A60842-9860-40C4-885B-77C9A2F9D0F6}
		{13E2E6F9-3973-46B7-9B6F-A3B77D9D1C88} = {21A60842-9860-40C4-885B-77C9A2F9D0F6}
		{8F4F4499-6C9E-4F7F-AE99-6833AC6A4EC6} = {21A60842-9860-40C4-885B-77C9A2F9D0F6}
		{07D7106A-09BC-4CA2-ACC4-EDF5A510E8A5} = {21A60842-9860-40C4-885B-77C9A2F9D0F6}
		{0D6D5BB7-D20D-4C5E-A2E1-888B887867D6} = {21A60842-9860-40C4-885B-77C9A2F9D0F6}
		{B2586BC7-C62C-472E-BC07-E8BBB4B504C2} = {21A60842-9860-40C4-885B-77C9A2F9D0F6}
		{767B961D-2371-4469-9D73-CB149E3F7167} = {21A60842-9860-40C4-885B-77C9A2F9D0F6}
		{D09B0DA5-C8CD-4C92-A1DF-79FAA10AAC46} = {662CA385-FE9B-481B-B7A2-635B9B176415}
		{312C41B9-0222-41DA-83C9-BC8ABC772F74} = {662CA385-FE9B-481B-B7A2-635B9B176415}
		{3C588BAA-374F-4758-9EA5-14E505DDAE5A} = {662CA385-FE9B-481B-B7A2-635B9B176415}
		{4DB67B13-905D-43C8-A514-C23AD47FFA9E} = {662CA385-FE9B-481B-B7A2-635B9B176415}
		{2589A56E-AE2E-4217-B2F8-E9FCC1081942} = {662CA385-FE9B-481B-B7A2-635B9B176415}
		{E585EC3D-E797-42FA-BAB7-87CD521698CA} = {662CA385-FE9B-481B-B7A2-635B9B176415}
		{A87EB51E-F7E1-493D-82DA-A9B08AD43633} = {662CA385-FE9B-481B-B7A2-635B9B176415}
		{AEAA1D42-CED1-47F1-BF0E-F7D6C9107E44} = {662CA385-FE9B-481B-B7A2-635B9B176415}
		{3D4C22BD-6D47-4508-882B-EB09D03E9697} = {662CA385-FE9B-481B-B7A2-635B9B176415}
		{ED142C42-4582-468B-BA59-7EB788B4C394} = {662CA385-FE9B-481B-B7A2-635B9B176415}
		{0A940C77-0537-4F2D-9BB0-4407BA1BCFF8} = {662CA385-FE9B-481B-B7A2-635B9B176415}
		{AA5F036C-064D-40B0-9040-855D0743C1FF} = {662CA385-FE9B-481B-B7A2-635B9B176415}
	EndGlobalSection
EndGlobal
